{
    "name": "use-todo",
    "version": "1.0.0",
    "lockfileVersion": 2,
    "requires": true,
    "packages": {
        "": {
            "name": "use-todo",
            "version": "1.0.0",
            "license": "MIT",
            "dependencies": {
                "korean-random-words": "^1.0.3",
                "moment": "^2.29.4",
                "random-sentence": "^1.0.4",
                "uuid": "^8.3.2"
            },
            "devDependencies": {
                "@types/node": "^18.6.3",
                "@types/react": "^18.0.15",
                "@types/react-dom": "^18.0.6",
                "@types/uuid": "^8.3.4",
                "typescript": "^4.7.4"
            },
            "peerDependencies": {
                "react": "^18.2.0",
                "react-dom": "^18.2.0"
            }
        },
        "node_modules/@types/node": {
            "version": "18.6.3",
            "resolved": "https://registry.npmjs.org/@types/node/-/node-18.6.3.tgz",
            "integrity": "sha512-6qKpDtoaYLM+5+AFChLhHermMQxc3TOEFIDzrZLPRGHPrLEwqFkkT5Kx3ju05g6X7uDPazz3jHbKPX0KzCjntg==",
            "dev": true
        },
        "node_modules/@types/prop-types": {
            "version": "15.7.5",
            "resolved": "https://registry.npmjs.org/@types/prop-types/-/prop-types-15.7.5.tgz",
            "integrity": "sha512-JCB8C6SnDoQf0cNycqd/35A7MjcnK+ZTqE7judS6o7utxUCg6imJg3QK2qzHKszlTjcj2cn+NwMB2i96ubpj7w==",
            "dev": true
        },
        "node_modules/@types/react": {
            "version": "18.0.15",
            "resolved": "https://registry.npmjs.org/@types/react/-/react-18.0.15.tgz",
            "integrity": "sha512-iz3BtLuIYH1uWdsv6wXYdhozhqj20oD4/Hk2DNXIn1kFsmp9x8d9QB6FnPhfkbhd2PgEONt9Q1x/ebkwjfFLow==",
            "dev": true,
            "dependencies": {
                "@types/prop-types": "*",
                "@types/scheduler": "*",
                "csstype": "^3.0.2"
            }
        },
        "node_modules/@types/react-dom": {
            "version": "18.0.6",
            "resolved": "https://registry.npmjs.org/@types/react-dom/-/react-dom-18.0.6.tgz",
            "integrity": "sha512-/5OFZgfIPSwy+YuIBP/FgJnQnsxhZhjjrnxudMddeblOouIodEQ75X14Rr4wGSG/bknL+Omy9iWlLo1u/9GzAA==",
            "dev": true,
            "dependencies": {
                "@types/react": "*"
            }
        },
        "node_modules/@types/scheduler": {
            "version": "0.16.2",
            "resolved": "https://registry.npmjs.org/@types/scheduler/-/scheduler-0.16.2.tgz",
            "integrity": "sha512-hppQEBDmlwhFAXKJX2KnWLYu5yMfi91yazPb2l+lbJiwW+wdo1gNeRA+3RgNSO39WYX2euey41KEwnqesU2Jew==",
            "dev": true
        },
        "node_modules/@types/uuid": {
            "version": "8.3.4",
            "resolved": "https://registry.npmjs.org/@types/uuid/-/uuid-8.3.4.tgz",
            "integrity": "sha512-c/I8ZRb51j+pYGAu5CrFMRxqZ2ke4y2grEBO5AUjgSkSk+qT2Ea+OdWElz/OiMf5MNpn2b17kuVBwZLQJXzihw==",
            "dev": true
        },
        "node_modules/clamp": {
            "version": "1.0.1",
            "resolved": "https://registry.npmjs.org/clamp/-/clamp-1.0.1.tgz",
            "integrity": "sha512-kgMuFyE78OC6Dyu3Dy7vcx4uy97EIbVxJB/B0eJ3bUNAkwdNcxYzgKltnyADiYwsR7SEqkkUPsEUT//OVS6XMA=="
        },
        "node_modules/csstype": {
            "version": "3.1.0",
            "resolved": "https://registry.npmjs.org/csstype/-/csstype-3.1.0.tgz",
            "integrity": "sha512-uX1KG+x9h5hIJsaKR9xHUeUraxf8IODOwq9JLNPq6BwB04a/xgpq3rcx47l5BZu5zBPlgD342tdke3Hom/nJRA==",
            "dev": true
        },
        "node_modules/has-symbols": {
            "version": "1.0.3",
            "resolved": "https://registry.npmjs.org/has-symbols/-/has-symbols-1.0.3.tgz",
            "integrity": "sha512-l3LCuF6MgDNwTDKkdYGEihYjt5pRPbEg46rtlmnSPlUbgmB8LOIrKJbYYFBSbnPaJexMKtiPO8hmeRjRz2Td+A==",
            "engines": {
                "node": ">= 0.4"
            },
            "funding": {
                "url": "https://github.com/sponsors/ljharb"
            }
        },
        "node_modules/is-function": {
            "version": "1.0.2",
            "resolved": "https://registry.npmjs.org/is-function/-/is-function-1.0.2.tgz",
            "integrity": "sha512-lw7DUp0aWXYg+CBCN+JKkcE0Q2RayZnSvnZBlwgxHBQhqt5pZNVy4Ri7H9GmmXkdu7LUthszM+Tor1u/2iBcpQ=="
        },
        "node_modules/is-nil": {
            "version": "1.0.1",
            "resolved": "https://registry.npmjs.org/is-nil/-/is-nil-1.0.1.tgz",
            "integrity": "sha512-m2Rm8PhUFDNNhgvwZJjJG74a9h5CHU0fkA8WT+WGlCjyEbZ2jPwgb+ZxHu4np284EqNVyOsgppReK4qy/TwEwg=="
        },
        "node_modules/is-object": {
            "version": "1.0.2",
            "resolved": "https://registry.npmjs.org/is-object/-/is-object-1.0.2.tgz",
            "integrity": "sha512-2rRIahhZr2UWb45fIOuvZGpFtz0TyOZLf32KxBbSoUCeZR495zCKlWUKKUByk3geS2eAs7ZAABt0Y/Rx0GiQGA==",
            "funding": {
                "url": "https://github.com/sponsors/ljharb"
            }
        },
        "node_modules/is-symbol": {
            "version": "1.0.4",
            "resolved": "https://registry.npmjs.org/is-symbol/-/is-symbol-1.0.4.tgz",
            "integrity": "sha512-C/CPBqKWnvdcxqIARxyOh4v1UUEOCHpgDa0WYgpKDFMszcrPcffg5uhwSgPCLD2WWxmq6isisz87tzT01tuGhg==",
            "dependencies": {
                "has-symbols": "^1.0.2"
            },
            "engines": {
                "node": ">= 0.4"
            },
            "funding": {
                "url": "https://github.com/sponsors/ljharb"
            }
        },
        "node_modules/js-tokens": {
            "version": "4.0.0",
            "resolved": "https://registry.npmjs.org/js-tokens/-/js-tokens-4.0.0.tgz",
            "integrity": "sha512-RdJUflcE3cUzKiMqQgsCu06FPu9UdIJO0beYbPhHN4k6apgJtifcoCtT9bcxOpYBtpD2kCM6Sbzg4CausW/PKQ==",
            "peer": true
        },
        "node_modules/korean-random-words": {
            "version": "1.0.3",
            "resolved": "https://registry.npmjs.org/korean-random-words/-/korean-random-words-1.0.3.tgz",
            "integrity": "sha512-LJk41qDWDzZ2QUftVaeG6Y1NJPT3DM4LR0QLOrJGaOH1Cv2A9hYDI2+XESDhThdAmD07gW09oDOiZ8RJRqSQCA==",
            "funding": [
                {
                    "type": "kakaopay-mobile",
                    "url": "https://qr.kakaopay.com/281006011000066782745246"
                },
                {
                    "type": "buy me a coffee",
                    "url": "https://www.buymeacoffee.com/doubtfulmr"
                }
            ]
        },
        "node_modules/loose-envify": {
            "version": "1.4.0",
            "resolved": "https://registry.npmjs.org/loose-envify/-/loose-envify-1.4.0.tgz",
            "integrity": "sha512-lyuxPGr/Wfhrlem2CL/UcnUc1zcqKAImBDzukY7Y5F/yQiNdko6+fRLevlw1HgMySw7f611UIY408EtxRSoK3Q==",
            "peer": true,
            "dependencies": {
                "js-tokens": "^3.0.0 || ^4.0.0"
            },
            "bin": {
                "loose-envify": "cli.js"
            }
        },
        "node_modules/max-safe-int": {
            "version": "1.0.0",
            "resolved": "https://registry.npmjs.org/max-safe-int/-/max-safe-int-1.0.0.tgz",
            "integrity": "sha512-Rmc9S+xr1IwnktrDAbR4+7Nh9RTzvJ83A1R4WVKPZCwd7Qo5mc/u8qBoC+T4hskmBDByg72vHgHjB1GcLwEEgw=="
        },
        "node_modules/moment": {
            "version": "2.29.4",
            "resolved": "https://registry.npmjs.org/moment/-/moment-2.29.4.tgz",
            "integrity": "sha512-5LC9SOxjSc2HF6vO2CyuTDNivEdoz2IvyJJGj6X8DJ0eFyfszE0QiEd+iXmBvUP3WHxSjFH/vIsA0EN00cgr8w==",
            "engines": {
                "node": "*"
            }
        },
        "node_modules/random-char": {
            "version": "1.0.4",
            "resolved": "https://registry.npmjs.org/random-char/-/random-char-1.0.4.tgz",
            "integrity": "sha512-kSvxo/8fIAlRJW/FB1dT3LDGADsbS+qD7AxYQJTgNDQ6w3Gumtfu+YphQGXK8ZtxKXO7mR8MqbckpBf8oywcvg==",
            "dependencies": {
                "is-nil": "^1.0.1",
                "is-object": "^1.0.1",
                "random-natural": "^1.0.3",
                "to-str": "^1.0.0"
            }
        },
        "node_modules/random-integral": {
            "version": "1.0.3",
            "resolved": "https://registry.npmjs.org/random-integral/-/random-integral-1.0.3.tgz",
            "integrity": "sha512-MgWqgQqlHWGj5LExW2EoP4EtJty6uGNszlHdMuAox/yLVixpjEQIAyluW2CH9Nrxt0hE7fklFqYM0JFELSWpvw==",
            "dependencies": {
                "clamp": "^1.0.1",
                "max-safe-int": "^1.0.0",
                "to-integer": "^1.0.1"
            }
        },
        "node_modules/random-lorem": {
            "version": "1.0.4",
            "resolved": "https://registry.npmjs.org/random-lorem/-/random-lorem-1.0.4.tgz",
            "integrity": "sha512-AphHHqlYSjoc0nXOiraL1U24odLkVSKKLSf87U2J/TV8+qCfJZDJ9prGnu9KH0HPZZy/H0c1/Zk6+xrTcPeiGA==",
            "dependencies": {
                "clamp": "^1.0.1",
                "random-char": "^1.0.4",
                "random-natural": "^1.0.3",
                "random-syllable": "^1.0.1"
            }
        },
        "node_modules/random-natural": {
            "version": "1.0.3",
            "resolved": "https://registry.npmjs.org/random-natural/-/random-natural-1.0.3.tgz",
            "integrity": "sha512-Mw78ZGZ3lKO5K2XUxv4dXQudnBu9oTVHRFutqbfy+thZem41a+hFMD6egzQNHj3Kbee9fM8RGnryHyyip/mmbw==",
            "dependencies": {
                "max-safe-int": "^1.0.0",
                "random-integral": "^1.0.3"
            }
        },
        "node_modules/random-sentence": {
            "version": "1.0.4",
            "resolved": "https://registry.npmjs.org/random-sentence/-/random-sentence-1.0.4.tgz",
            "integrity": "sha512-H4RPftk1NCZ7Scrr/FRYFI8EteTShN+8p/KU7WvrN0JijgCB5UPNE93AxgGOCgmyjwoQ/cXCPoxqb3TRvsZl5w==",
            "dependencies": {
                "clamp": "^1.0.1",
                "random-lorem": "^1.0.4",
                "random-natural": "^1.0.3"
            }
        },
        "node_modules/random-syllable": {
            "version": "1.0.1",
            "resolved": "https://registry.npmjs.org/random-syllable/-/random-syllable-1.0.1.tgz",
            "integrity": "sha512-X/i6uCPfVD2RklQDblV59zZNvPpXKRC6DGHyS9GNwm0bQ1bAzBA/7Rjp0QumP2v6vlqGfAstKMeDgOnQUg48kA==",
            "dependencies": {
                "clamp": "^1.0.1",
                "is-object": "^1.0.1",
                "random-char": "^1.0.4",
                "random-natural": "^1.0.3",
                "to-integer": "^1.0.1"
            }
        },
        "node_modules/react": {
            "version": "18.2.0",
            "resolved": "https://registry.npmjs.org/react/-/react-18.2.0.tgz",
            "integrity": "sha512-/3IjMdb2L9QbBdWiW5e3P2/npwMBaU9mHCSCUzNln0ZCYbcfTsGbTJrU/kGemdH2IWmB2ioZ+zkxtmq6g09fGQ==",
            "peer": true,
            "dependencies": {
                "loose-envify": "^1.1.0"
            },
            "engines": {
                "node": ">=0.10.0"
            }
        },
        "node_modules/react-dom": {
            "version": "18.2.0",
            "resolved": "https://registry.npmjs.org/react-dom/-/react-dom-18.2.0.tgz",
            "integrity": "sha512-6IMTriUmvsjHUjNtEDudZfuDQUoWXVxKHhlEGSk81n4YFS+r/Kl99wXiwlVXtPBtJenozv2P+hxDsw9eA7Xo6g==",
            "peer": true,
            "dependencies": {
                "loose-envify": "^1.1.0",
                "scheduler": "^0.23.0"
            },
            "peerDependencies": {
                "react": "^18.2.0"
            }
        },
        "node_modules/scheduler": {
            "version": "0.23.0",
            "resolved": "https://registry.npmjs.org/scheduler/-/scheduler-0.23.0.tgz",
            "integrity": "sha512-CtuThmgHNg7zIZWAXi3AsyIzA3n4xx7aNyjwC2VJldO2LMVDhFK+63xGqq6CsJH4rTAt6/M+N4GhZiDYPx9eUw==",
            "peer": true,
            "dependencies": {
                "loose-envify": "^1.1.0"
            }
        },
        "node_modules/to-integer": {
            "version": "1.0.1",
            "resolved": "https://registry.npmjs.org/to-integer/-/to-integer-1.0.1.tgz",
            "integrity": "sha512-mv4Nwp8Y28xLp1rdYgnlV4NqYBn23lIitU2fqCtyrLXlwsC6th3Aq37JRe7qfuROMJv66kAZG8V9NR1HIgwOUg==",
            "dependencies": {
                "is-function": "^1.0.1",
                "is-nil": "^1.0.0",
                "is-object": "^1.0.1",
                "is-symbol": "^1.0.1"
            }
        },
        "node_modules/to-str": {
            "version": "1.0.0",
            "resolved": "https://registry.npmjs.org/to-str/-/to-str-1.0.0.tgz",
            "integrity": "sha512-UETUWfNiPKGvdZ2nAmiTTmv583SivKIHB10J0qQQgfkWvSQXKtPeF+On7pejMaD2rqTIFWgXz25dPyzABAgIHw==",
            "dependencies": {
                "is-function": "^1.0.1",
                "is-nil": "^1.0.0",
                "is-object": "^1.0.1",
                "is-symbol": "^1.0.1"
            }
        },
        "node_modules/typescript": {
            "version": "4.7.4",
            "resolved": "https://registry.npmjs.org/typescript/-/typescript-4.7.4.tgz",
            "integrity": "sha512-C0WQT0gezHuw6AdY1M2jxUO83Rjf0HP7Sk1DtXj6j1EwkQNZrHAg2XPWlq62oqEhYvONq5pkC2Y9oPljWToLmQ==",
            "dev": true,
            "bin": {
                "tsc": "bin/tsc",
                "tsserver": "bin/tsserver"
            },
            "engines": {
                "node": ">=4.2.0"
            }
        },
        "node_modules/uuid": {
            "version": "8.3.2",
            "resolved": "https://registry.npmjs.org/uuid/-/uuid-8.3.2.tgz",
            "integrity": "sha512-+NYs2QeMWy+GWFOEm9xnn6HCDp0l7QBD7ml8zLUmJ+93Q5NF0NocErnwkTkXVFNiX3/fpC6afS8Dhb/gz7R7eg==",
            "bin": {
                "uuid": "dist/bin/uuid"
            }
        }
    },
    "dependencies": {
        "@types/node": {
            "version": "18.6.3",
            "resolved": "https://registry.npmjs.org/@types/node/-/node-18.6.3.tgz",
            "integrity": "sha512-6qKpDtoaYLM+5+AFChLhHermMQxc3TOEFIDzrZLPRGHPrLEwqFkkT5Kx3ju05g6X7uDPazz3jHbKPX0KzCjntg==",
            "dev": true
        },
        "@types/prop-types": {
            "version": "15.7.5",
            "resolved": "https://registry.npmjs.org/@types/prop-types/-/prop-types-15.7.5.tgz",
            "integrity": "sha512-JCB8C6SnDoQf0cNycqd/35A7MjcnK+ZTqE7judS6o7utxUCg6imJg3QK2qzHKszlTjcj2cn+NwMB2i96ubpj7w==",
            "dev": true
        },
        "@types/react": {
            "version": "18.0.15",
            "resolved": "https://registry.npmjs.org/@types/react/-/react-18.0.15.tgz",
            "integrity": "sha512-iz3BtLuIYH1uWdsv6wXYdhozhqj20oD4/Hk2DNXIn1kFsmp9x8d9QB6FnPhfkbhd2PgEONt9Q1x/ebkwjfFLow==",
            "dev": true,
            "requires": {
                "@types/prop-types": "*",
                "@types/scheduler": "*",
                "csstype": "^3.0.2"
            }
        },
        "@types/react-dom": {
            "version": "18.0.6",
            "resolved": "https://registry.npmjs.org/@types/react-dom/-/react-dom-18.0.6.tgz",
            "integrity": "sha512-/5OFZgfIPSwy+YuIBP/FgJnQnsxhZhjjrnxudMddeblOouIodEQ75X14Rr4wGSG/bknL+Omy9iWlLo1u/9GzAA==",
            "dev": true,
            "requires": {
                "@types/react": "*"
            }
        },
        "@types/scheduler": {
            "version": "0.16.2",
            "resolved": "https://registry.npmjs.org/@types/scheduler/-/scheduler-0.16.2.tgz",
            "integrity": "sha512-hppQEBDmlwhFAXKJX2KnWLYu5yMfi91yazPb2l+lbJiwW+wdo1gNeRA+3RgNSO39WYX2euey41KEwnqesU2Jew==",
            "dev": true
        },
        "@types/uuid": {
            "version": "8.3.4",
            "resolved": "https://registry.npmjs.org/@types/uuid/-/uuid-8.3.4.tgz",
            "integrity": "sha512-c/I8ZRb51j+pYGAu5CrFMRxqZ2ke4y2grEBO5AUjgSkSk+qT2Ea+OdWElz/OiMf5MNpn2b17kuVBwZLQJXzihw==",
            "dev": true
        },
        "clamp": {
            "version": "1.0.1",
            "resolved": "https://registry.npmjs.org/clamp/-/clamp-1.0.1.tgz",
            "integrity": "sha512-kgMuFyE78OC6Dyu3Dy7vcx4uy97EIbVxJB/B0eJ3bUNAkwdNcxYzgKltnyADiYwsR7SEqkkUPsEUT//OVS6XMA=="
        },
        "csstype": {
            "version": "3.1.0",
            "resolved": "https://registry.npmjs.org/csstype/-/csstype-3.1.0.tgz",
            "integrity": "sha512-uX1KG+x9h5hIJsaKR9xHUeUraxf8IODOwq9JLNPq6BwB04a/xgpq3rcx47l5BZu5zBPlgD342tdke3Hom/nJRA==",
            "dev": true
        },
        "has-symbols": {
            "version": "1.0.3",
            "resolved": "https://registry.npmjs.org/has-symbols/-/has-symbols-1.0.3.tgz",
            "integrity": "sha512-l3LCuF6MgDNwTDKkdYGEihYjt5pRPbEg46rtlmnSPlUbgmB8LOIrKJbYYFBSbnPaJexMKtiPO8hmeRjRz2Td+A=="
        },
        "is-function": {
            "version": "1.0.2",
            "resolved": "https://registry.npmjs.org/is-function/-/is-function-1.0.2.tgz",
            "integrity": "sha512-lw7DUp0aWXYg+CBCN+JKkcE0Q2RayZnSvnZBlwgxHBQhqt5pZNVy4Ri7H9GmmXkdu7LUthszM+Tor1u/2iBcpQ=="
        },
        "is-nil": {
            "version": "1.0.1",
            "resolved": "https://registry.npmjs.org/is-nil/-/is-nil-1.0.1.tgz",
            "integrity": "sha512-m2Rm8PhUFDNNhgvwZJjJG74a9h5CHU0fkA8WT+WGlCjyEbZ2jPwgb+ZxHu4np284EqNVyOsgppReK4qy/TwEwg=="
        },
        "is-object": {
            "version": "1.0.2",
            "resolved": "https://registry.npmjs.org/is-object/-/is-object-1.0.2.tgz",
            "integrity": "sha512-2rRIahhZr2UWb45fIOuvZGpFtz0TyOZLf32KxBbSoUCeZR495zCKlWUKKUByk3geS2eAs7ZAABt0Y/Rx0GiQGA=="
        },
        "is-symbol": {
            "version": "1.0.4",
            "resolved": "https://registry.npmjs.org/is-symbol/-/is-symbol-1.0.4.tgz",
            "integrity": "sha512-C/CPBqKWnvdcxqIARxyOh4v1UUEOCHpgDa0WYgpKDFMszcrPcffg5uhwSgPCLD2WWxmq6isisz87tzT01tuGhg==",
            "requires": {
                "has-symbols": "^1.0.2"
            }
        },
        "js-tokens": {
            "version": "4.0.0",
            "resolved": "https://registry.npmjs.org/js-tokens/-/js-tokens-4.0.0.tgz",
            "integrity": "sha512-RdJUflcE3cUzKiMqQgsCu06FPu9UdIJO0beYbPhHN4k6apgJtifcoCtT9bcxOpYBtpD2kCM6Sbzg4CausW/PKQ==",
            "peer": true
        },
        "korean-random-words": {
            "version": "1.0.3",
            "resolved": "https://registry.npmjs.org/korean-random-words/-/korean-random-words-1.0.3.tgz",
            "integrity": "sha512-LJk41qDWDzZ2QUftVaeG6Y1NJPT3DM4LR0QLOrJGaOH1Cv2A9hYDI2+XESDhThdAmD07gW09oDOiZ8RJRqSQCA=="
        },
        "loose-envify": {
            "version": "1.4.0",
            "resolved": "https://registry.npmjs.org/loose-envify/-/loose-envify-1.4.0.tgz",
            "integrity": "sha512-lyuxPGr/Wfhrlem2CL/UcnUc1zcqKAImBDzukY7Y5F/yQiNdko6+fRLevlw1HgMySw7f611UIY408EtxRSoK3Q==",
            "peer": true,
            "requires": {
                "js-tokens": "^3.0.0 || ^4.0.0"
            }
        },
        "max-safe-int": {
            "version": "1.0.0",
            "resolved": "https://registry.npmjs.org/max-safe-int/-/max-safe-int-1.0.0.tgz",
            "integrity": "sha512-Rmc9S+xr1IwnktrDAbR4+7Nh9RTzvJ83A1R4WVKPZCwd7Qo5mc/u8qBoC+T4hskmBDByg72vHgHjB1GcLwEEgw=="
        },
        "moment": {
            "version": "2.29.4",
            "resolved": "https://registry.npmjs.org/moment/-/moment-2.29.4.tgz",
            "integrity": "sha512-5LC9SOxjSc2HF6vO2CyuTDNivEdoz2IvyJJGj6X8DJ0eFyfszE0QiEd+iXmBvUP3WHxSjFH/vIsA0EN00cgr8w=="
        },
        "random-char": {
            "version": "1.0.4",
            "resolved": "https://registry.npmjs.org/random-char/-/random-char-1.0.4.tgz",
            "integrity": "sha512-kSvxo/8fIAlRJW/FB1dT3LDGADsbS+qD7AxYQJTgNDQ6w3Gumtfu+YphQGXK8ZtxKXO7mR8MqbckpBf8oywcvg==",
            "requires": {
                "is-nil": "^1.0.1",
                "is-object": "^1.0.1",
                "random-natural": "^1.0.3",
                "to-str": "^1.0.0"
            }
        },
        "random-integral": {
            "version": "1.0.3",
            "resolved": "https://registry.npmjs.org/random-integral/-/random-integral-1.0.3.tgz",
            "integrity": "sha512-MgWqgQqlHWGj5LExW2EoP4EtJty6uGNszlHdMuAox/yLVixpjEQIAyluW2CH9Nrxt0hE7fklFqYM0JFELSWpvw==",
            "requires": {
                "clamp": "^1.0.1",
                "max-safe-int": "^1.0.0",
                "to-integer": "^1.0.1"
            }
        },
        "random-lorem": {
            "version": "1.0.4",
            "resolved": "https://registry.npmjs.org/random-lorem/-/random-lorem-1.0.4.tgz",
            "integrity": "sha512-AphHHqlYSjoc0nXOiraL1U24odLkVSKKLSf87U2J/TV8+qCfJZDJ9prGnu9KH0HPZZy/H0c1/Zk6+xrTcPeiGA==",
            "requires": {
                "clamp": "^1.0.1",
                "random-char": "^1.0.4",
                "random-natural": "^1.0.3",
                "random-syllable": "^1.0.1"
            }
        },
        "random-natural": {
            "version": "1.0.3",
            "resolved": "https://registry.npmjs.org/random-natural/-/random-natural-1.0.3.tgz",
            "integrity": "sha512-Mw78ZGZ3lKO5K2XUxv4dXQudnBu9oTVHRFutqbfy+thZem41a+hFMD6egzQNHj3Kbee9fM8RGnryHyyip/mmbw==",
            "requires": {
                "max-safe-int": "^1.0.0",
                "random-integral": "^1.0.3"
            }
        },
        "random-sentence": {
            "version": "1.0.4",
            "resolved": "https://registry.npmjs.org/random-sentence/-/random-sentence-1.0.4.tgz",
            "integrity": "sha512-H4RPftk1NCZ7Scrr/FRYFI8EteTShN+8p/KU7WvrN0JijgCB5UPNE93AxgGOCgmyjwoQ/cXCPoxqb3TRvsZl5w==",
            "requires": {
                "clamp": "^1.0.1",
                "random-lorem": "^1.0.4",
                "random-natural": "^1.0.3"
            }
        },
        "random-syllable": {
            "version": "1.0.1",
            "resolved": "https://registry.npmjs.org/random-syllable/-/random-syllable-1.0.1.tgz",
            "integrity": "sha512-X/i6uCPfVD2RklQDblV59zZNvPpXKRC6DGHyS9GNwm0bQ1bAzBA/7Rjp0QumP2v6vlqGfAstKMeDgOnQUg48kA==",
            "requires": {
                "clamp": "^1.0.1",
                "is-object": "^1.0.1",
                "random-char": "^1.0.4",
                "random-natural": "^1.0.3",
                "to-integer": "^1.0.1"
            }
        },
        "react": {
            "version": "18.2.0",
            "resolved": "https://registry.npmjs.org/react/-/react-18.2.0.tgz",
            "integrity": "sha512-/3IjMdb2L9QbBdWiW5e3P2/npwMBaU9mHCSCUzNln0ZCYbcfTsGbTJrU/kGemdH2IWmB2ioZ+zkxtmq6g09fGQ==",
            "peer": true,
            "requires": {
                "loose-envify": "^1.1.0"
            }
        },
        "react-dom": {
            "version": "18.2.0",
            "resolved": "https://registry.npmjs.org/react-dom/-/react-dom-18.2.0.tgz",
            "integrity": "sha512-6IMTriUmvsjHUjNtEDudZfuDQUoWXVxKHhlEGSk81n4YFS+r/Kl99wXiwlVXtPBtJenozv2P+hxDsw9eA7Xo6g==",
            "peer": true,
            "requires": {
                "loose-envify": "^1.1.0",
                "scheduler": "^0.23.0"
            }
        },
        "scheduler": {
            "version": "0.23.0",
            "resolved": "https://registry.npmjs.org/scheduler/-/scheduler-0.23.0.tgz",
            "integrity": "sha512-CtuThmgHNg7zIZWAXi3AsyIzA3n4xx7aNyjwC2VJldO2LMVDhFK+63xGqq6CsJH4rTAt6/M+N4GhZiDYPx9eUw==",
            "peer": true,
            "requires": {
                "loose-envify": "^1.1.0"
            }
        },
        "to-integer": {
            "version": "1.0.1",
            "resolved": "https://registry.npmjs.org/to-integer/-/to-integer-1.0.1.tgz",
            "integrity": "sha512-mv4Nwp8Y28xLp1rdYgnlV4NqYBn23lIitU2fqCtyrLXlwsC6th3Aq37JRe7qfuROMJv66kAZG8V9NR1HIgwOUg==",
            "requires": {
                "is-function": "^1.0.1",
                "is-nil": "^1.0.0",
                "is-object": "^1.0.1",
                "is-symbol": "^1.0.1"
            }
        },
        "to-str": {
            "version": "1.0.0",
            "resolved": "https://registry.npmjs.org/to-str/-/to-str-1.0.0.tgz",
            "integrity": "sha512-UETUWfNiPKGvdZ2nAmiTTmv583SivKIHB10J0qQQgfkWvSQXKtPeF+On7pejMaD2rqTIFWgXz25dPyzABAgIHw==",
            "requires": {
                "is-function": "^1.0.1",
                "is-nil": "^1.0.0",
                "is-object": "^1.0.1",
                "is-symbol": "^1.0.1"
            }
        },
        "typescript": {
            "version": "4.7.4",
            "resolved": "https://registry.npmjs.org/typescript/-/typescript-4.7.4.tgz",
            "integrity": "sha512-C0WQT0gezHuw6AdY1M2jxUO83Rjf0HP7Sk1DtXj6j1EwkQNZrHAg2XPWlq62oqEhYvONq5pkC2Y9oPljWToLmQ==",
            "dev": true
        },
        "uuid": {
            "version": "8.3.2",
            "resolved": "https://registry.npmjs.org/uuid/-/uuid-8.3.2.tgz",
            "integrity": "sha512-+NYs2QeMWy+GWFOEm9xnn6HCDp0l7QBD7ml8zLUmJ+93Q5NF0NocErnwkTkXVFNiX3/fpC6afS8Dhb/gz7R7eg=="
        }
    }
}
